schema_version = "1"
name = "agentdojo"
package_version = "0.1.35"
git_tag = "v0.1.35"
git_commit = "a75aba7631d3ca5fb7ab938965c97ead2f9ff84b"
benchmark_version = "v1.2.2"
source = "https://github.com/ethz-spylab/agentdojo"
license = "MIT"
license_file = "LICENSE"
install = "python -m pip install agentdojo==0.1.35"
verified_utc = "2026-07-30"
